// !$*UTF8*$!
{
	archiveVersion = 1;
	classes = {
	};
	objectVersion = 50;
	objects = {

/* Begin PBXBuildFile section */
		040EA8C421B424E30090E2CC /* ZJCaptureVideoView.swift in Sources */ = {isa = PBXBuildFile; fileRef = 040EA8C321B424E30090E2CC /* ZJCaptureVideoView.swift */; };
		042F8E9621B3AF670039EC71 /* AppDelegate.swift in Sources */ = {isa = PBXBuildFile; fileRef = 042F8E9521B3AF670039EC71 /* AppDelegate.swift */; };
		042F8E9B21B3AF670039EC71 /* Main.storyboard in Resources */ = {isa = PBXBuildFile; fileRef = 042F8E9921B3AF670039EC71 /* Main.storyboard */; };
		042F8E9D21B3AF680039EC71 /* Assets.xcassets in Resources */ = {isa = PBXBuildFile; fileRef = 042F8E9C21B3AF680039EC71 /* Assets.xcassets */; };
		042F8EA021B3AF680039EC71 /* LaunchScreen.storyboard in Resources */ = {isa = PBXBuildFile; fileRef = 042F8E9E21B3AF680039EC71 /* LaunchScreen.storyboard */; };
		042F8EAB21B3AF680039EC71 /* ZJShortVideoTests.swift in Sources */ = {isa = PBXBuildFile; fileRef = 042F8EAA21B3AF680039EC71 /* ZJShortVideoTests.swift */; };
		042F8EB621B3AF680039EC71 /* ZJShortVideoUITests.swift in Sources */ = {isa = PBXBuildFile; fileRef = 042F8EB521B3AF680039EC71 /* ZJShortVideoUITests.swift */; };
		042F8EC821B3B0F50039EC71 /* ZJBaseViewController.swift in Sources */ = {isa = PBXBuildFile; fileRef = 042F8EC721B3B0F50039EC71 /* ZJBaseViewController.swift */; };
		042F8ECA21B3B10B0039EC71 /* ZJNavigationController.swift in Sources */ = {isa = PBXBuildFile; fileRef = 042F8EC921B3B10B0039EC71 /* ZJNavigationController.swift */; };
		042F8ECD21B3B1370039EC71 /* ZJRootViewController.swift in Sources */ = {isa = PBXBuildFile; fileRef = 042F8ECC21B3B1370039EC71 /* ZJRootViewController.swift */; };
		042F8ED221B3B2080039EC71 /* ZJColorsMacor.swift in Sources */ = {isa = PBXBuildFile; fileRef = 042F8ED121B3B2080039EC71 /* ZJColorsMacor.swift */; };
		042F8ED421B3B3740039EC71 /* ZJFontsMacor.swift in Sources */ = {isa = PBXBuildFile; fileRef = 042F8ED321B3B3740039EC71 /* ZJFontsMacor.swift */; };
		042F8ED621B3B43E0039EC71 /* ZJDeviceMacor.swift in Sources */ = {isa = PBXBuildFile; fileRef = 042F8ED521B3B43E0039EC71 /* ZJDeviceMacor.swift */; };
		042F8EDB21B3B6270039EC71 /* ZJHomeViewController.swift in Sources */ = {isa = PBXBuildFile; fileRef = 042F8EDA21B3B6270039EC71 /* ZJHomeViewController.swift */; };
		042F8EDD21B3B6350039EC71 /* ZJProfileViewController.swift in Sources */ = {isa = PBXBuildFile; fileRef = 042F8EDC21B3B6350039EC71 /* ZJProfileViewController.swift */; };
		042F8EDF21B3B6430039EC71 /* ZJAddVideoViewController.swift in Sources */ = {isa = PBXBuildFile; fileRef = 042F8EDE21B3B6430039EC71 /* ZJAddVideoViewController.swift */; };
		042F8EE321B3C7EE0039EC71 /* ZJBaseCollectionCell.swift in Sources */ = {isa = PBXBuildFile; fileRef = 042F8EE221B3C7EE0039EC71 /* ZJBaseCollectionCell.swift */; };
		042F8EE521B3C8080039EC71 /* ZJBaseTableCell.swift in Sources */ = {isa = PBXBuildFile; fileRef = 042F8EE421B3C8080039EC71 /* ZJBaseTableCell.swift */; };
		042F8EE721B3C8480039EC71 /* ZJHomeListCell.swift in Sources */ = {isa = PBXBuildFile; fileRef = 042F8EE621B3C8480039EC71 /* ZJHomeListCell.swift */; };
		044355C921C4DA9200DF5983 /* ZJEditVideoView.swift in Sources */ = {isa = PBXBuildFile; fileRef = 044355C821C4DA9200DF5983 /* ZJEditVideoView.swift */; };
		045803DF21B40C0900A9E336 /* ZJEditVideoHeaderView.swift in Sources */ = {isa = PBXBuildFile; fileRef = 045803DE21B40C0900A9E336 /* ZJEditVideoHeaderView.swift */; };
		045803E121B4128200A9E336 /* ZJCommon.swift in Sources */ = {isa = PBXBuildFile; fileRef = 045803E021B4128200A9E336 /* ZJCommon.swift */; };
		045803E421B414C800A9E336 /* ZJEditVideoFooterView.swift in Sources */ = {isa = PBXBuildFile; fileRef = 045803E321B414C800A9E336 /* ZJEditVideoFooterView.swift */; };
		045803E821B418BF00A9E336 /* ZJCaptureVideoViewController.swift in Sources */ = {isa = PBXBuildFile; fileRef = 045803E721B418BF00A9E336 /* ZJCaptureVideoViewController.swift */; };
		048FBF5721B8332700B74C5A /* ZJCaptureBotView.swift in Sources */ = {isa = PBXBuildFile; fileRef = 048FBF5621B8332700B74C5A /* ZJCaptureBotView.swift */; };
		048FBF5C21BAAD5800B74C5A /* ZJCustomBtn.swift in Sources */ = {isa = PBXBuildFile; fileRef = 048FBF5B21BAAD5800B74C5A /* ZJCustomBtn.swift */; };
		048FBF5E21BAB86B00B74C5A /* ZJCaptureRightToolView.swift in Sources */ = {isa = PBXBuildFile; fileRef = 048FBF5D21BAB86B00B74C5A /* ZJCaptureRightToolView.swift */; };
		049DFAEC21C7FE6400C2546E /* ZJCaptureFilterView.swift in Sources */ = {isa = PBXBuildFile; fileRef = 049DFAEB21C7FE6400C2546E /* ZJCaptureFilterView.swift */; };
		049DFAEE21C7FFD800C2546E /* ZJCaptureFilterCell.swift in Sources */ = {isa = PBXBuildFile; fileRef = 049DFAED21C7FFD800C2546E /* ZJCaptureFilterCell.swift */; };
		049DFAF221C801DA00C2546E /* ZJFileManager.swift in Sources */ = {isa = PBXBuildFile; fileRef = 049DFAF121C801DA00C2546E /* ZJFileManager.swift */; };
		049DFAF421C949DA00C2546E /* ZJViewPointTool.swift in Sources */ = {isa = PBXBuildFile; fileRef = 049DFAF321C949DA00C2546E /* ZJViewPointTool.swift */; };
		049DFAF621C94B2300C2546E /* ZJShowFilterView.swift in Sources */ = {isa = PBXBuildFile; fileRef = 049DFAF521C94B2300C2546E /* ZJShowFilterView.swift */; };
		049DFAF821CA904F00C2546E /* ZJFilterViewItemCell.swift in Sources */ = {isa = PBXBuildFile; fileRef = 049DFAF721CA904F00C2546E /* ZJFilterViewItemCell.swift */; };
		049DFAFE21CF5CE900C2546E /* ZJBeautySettingView.swift in Sources */ = {isa = PBXBuildFile; fileRef = 049DFAFD21CF5CE900C2546E /* ZJBeautySettingView.swift */; };
		04D2091C21C2A4AD00877161 /* ZJEditVideoViewController.swift in Sources */ = {isa = PBXBuildFile; fileRef = 04D2091B21C2A4AD00877161 /* ZJEditVideoViewController.swift */; };
		04D2091E21C2A65100877161 /* ZJBaseView.swift in Sources */ = {isa = PBXBuildFile; fileRef = 04D2091D21C2A65100877161 /* ZJBaseView.swift */; };
		04D2092021C2A69B00877161 /* ZJVideoProgressView.swift in Sources */ = {isa = PBXBuildFile; fileRef = 04D2091F21C2A69B00877161 /* ZJVideoProgressView.swift */; };
		04D2092321C2ACDE00877161 /* ZJCaptureProgressModel.swift in Sources */ = {isa = PBXBuildFile; fileRef = 04D2092221C2ACDE00877161 /* ZJCaptureProgressModel.swift */; };
		1C07C5B772CF5FBB979C7BDA /* Pods_ZJShortVideo.framework in Frameworks */ = {isa = PBXBuildFile; fileRef = 42ACD9C2043EDF62C85FEED8 /* Pods_ZJShortVideo.framework */; };
		55B2DE2ADB3DD1D3F978F73F /* Pods_ZJShortVideoTests.framework in Frameworks */ = {isa = PBXBuildFile; fileRef = 94358B6AD564B7C27DC7C6C8 /* Pods_ZJShortVideoTests.framework */; };
		B4CB0CE07551A51AE8312FDF /* Pods_ZJShortVideoUITests.framework in Frameworks */ = {isa = PBXBuildFile; fileRef = D23DD52F275734F236484C35 /* Pods_ZJShortVideoUITests.framework */; };
/* End PBXBuildFile section */

/* Begin PBXContainerItemProxy section */
		042F8EA721B3AF680039EC71 /* PBXContainerItemProxy */ = {
			isa = PBXContainerItemProxy;
			containerPortal = 042F8E8A21B3AF670039EC71 /* Project object */;
			proxyType = 1;
			remoteGlobalIDString = 042F8E9121B3AF670039EC71;
			remoteInfo = ZJShortVideo;
		};
		042F8EB221B3AF680039EC71 /* PBXContainerItemProxy */ = {
			isa = PBXContainerItemProxy;
			containerPortal = 042F8E8A21B3AF670039EC71 /* Project object */;
			proxyType = 1;
			remoteGlobalIDString = 042F8E9121B3AF670039EC71;
			remoteInfo = ZJShortVideo;
		};
/* End PBXContainerItemProxy section */

/* Begin PBXFileReference section */
		040EA8C221B423F00090E2CC /* ZJShortVideo_bridge.h */ = {isa = PBXFileReference; lastKnownFileType = sourcecode.c.h; path = ZJShortVideo_bridge.h; sourceTree = "<group>"; };
		040EA8C321B424E30090E2CC /* ZJCaptureVideoView.swift */ = {isa = PBXFileReference; lastKnownFileType = sourcecode.swift; path = ZJCaptureVideoView.swift; sourceTree = "<group>"; };
		042F8E9221B3AF670039EC71 /* ZJShortVideo.app */ = {isa = PBXFileReference; explicitFileType = wrapper.application; includeInIndex = 0; path = ZJShortVideo.app; sourceTree = BUILT_PRODUCTS_DIR; };
		042F8E9521B3AF670039EC71 /* AppDelegate.swift */ = {isa = PBXFileReference; lastKnownFileType = sourcecode.swift; path = AppDelegate.swift; sourceTree = "<group>"; };
		042F8E9A21B3AF670039EC71 /* Base */ = {isa = PBXFileReference; lastKnownFileType = file.storyboard; name = Base; path = Base.lproj/Main.storyboard; sourceTree = "<group>"; };
		042F8E9C21B3AF680039EC71 /* Assets.xcassets */ = {isa = PBXFileReference; lastKnownFileType = folder.assetcatalog; path = Assets.xcassets; sourceTree = "<group>"; };
		042F8E9F21B3AF680039EC71 /* Base */ = {isa = PBXFileReference; lastKnownFileType = file.storyboard; name = Base; path = Base.lproj/LaunchScreen.storyboard; sourceTree = "<group>"; };
		042F8EA121B3AF680039EC71 /* Info.plist */ = {isa = PBXFileReference; lastKnownFileType = text.plist.xml; path = Info.plist; sourceTree = "<group>"; };
		042F8EA621B3AF680039EC71 /* ZJShortVideoTests.xctest */ = {isa = PBXFileReference; explicitFileType = wrapper.cfbundle; includeInIndex = 0; path = ZJShortVideoTests.xctest; sourceTree = BUILT_PRODUCTS_DIR; };
		042F8EAA21B3AF680039EC71 /* ZJShortVideoTests.swift */ = {isa = PBXFileReference; lastKnownFileType = sourcecode.swift; path = ZJShortVideoTests.swift; sourceTree = "<group>"; };
		042F8EAC21B3AF680039EC71 /* Info.plist */ = {isa = PBXFileReference; lastKnownFileType = text.plist.xml; path = Info.plist; sourceTree = "<group>"; };
		042F8EB121B3AF680039EC71 /* ZJShortVideoUITests.xctest */ = {isa = PBXFileReference; explicitFileType = wrapper.cfbundle; includeInIndex = 0; path = ZJShortVideoUITests.xctest; sourceTree = BUILT_PRODUCTS_DIR; };
		042F8EB521B3AF680039EC71 /* ZJShortVideoUITests.swift */ = {isa = PBXFileReference; lastKnownFileType = sourcecode.swift; path = ZJShortVideoUITests.swift; sourceTree = "<group>"; };
		042F8EB721B3AF680039EC71 /* Info.plist */ = {isa = PBXFileReference; lastKnownFileType = text.plist.xml; path = Info.plist; sourceTree = "<group>"; };
		042F8EC721B3B0F50039EC71 /* ZJBaseViewController.swift */ = {isa = PBXFileReference; lastKnownFileType = sourcecode.swift; path = ZJBaseViewController.swift; sourceTree = "<group>"; };
		042F8EC921B3B10B0039EC71 /* ZJNavigationController.swift */ = {isa = PBXFileReference; lastKnownFileType = sourcecode.swift; path = ZJNavigationController.swift; sourceTree = "<group>"; };
		042F8ECC21B3B1370039EC71 /* ZJRootViewController.swift */ = {isa = PBXFileReference; lastKnownFileType = sourcecode.swift; path = ZJRootViewController.swift; sourceTree = "<group>"; };
		042F8ED121B3B2080039EC71 /* ZJColorsMacor.swift */ = {isa = PBXFileReference; lastKnownFileType = sourcecode.swift; path = ZJColorsMacor.swift; sourceTree = "<group>"; };
		042F8ED321B3B3740039EC71 /* ZJFontsMacor.swift */ = {isa = PBXFileReference; lastKnownFileType = sourcecode.swift; path = ZJFontsMacor.swift; sourceTree = "<group>"; };
		042F8ED521B3B43E0039EC71 /* ZJDeviceMacor.swift */ = {isa = PBXFileReference; lastKnownFileType = sourcecode.swift; path = ZJDeviceMacor.swift; sourceTree = "<group>"; };
		042F8EDA21B3B6270039EC71 /* ZJHomeViewController.swift */ = {isa = PBXFileReference; lastKnownFileType = sourcecode.swift; path = ZJHomeViewController.swift; sourceTree = "<group>"; };
		042F8EDC21B3B6350039EC71 /* ZJProfileViewController.swift */ = {isa = PBXFileReference; lastKnownFileType = sourcecode.swift; path = ZJProfileViewController.swift; sourceTree = "<group>"; };
		042F8EDE21B3B6430039EC71 /* ZJAddVideoViewController.swift */ = {isa = PBXFileReference; lastKnownFileType = sourcecode.swift; path = ZJAddVideoViewController.swift; sourceTree = "<group>"; };
		042F8EE221B3C7EE0039EC71 /* ZJBaseCollectionCell.swift */ = {isa = PBXFileReference; lastKnownFileType = sourcecode.swift; path = ZJBaseCollectionCell.swift; sourceTree = "<group>"; };
		042F8EE421B3C8080039EC71 /* ZJBaseTableCell.swift */ = {isa = PBXFileReference; lastKnownFileType = sourcecode.swift; path = ZJBaseTableCell.swift; sourceTree = "<group>"; };
		042F8EE621B3C8480039EC71 /* ZJHomeListCell.swift */ = {isa = PBXFileReference; lastKnownFileType = sourcecode.swift; path = ZJHomeListCell.swift; sourceTree = "<group>"; };
		044355C821C4DA9200DF5983 /* ZJEditVideoView.swift */ = {isa = PBXFileReference; lastKnownFileType = sourcecode.swift; path = ZJEditVideoView.swift; sourceTree = "<group>"; };
		045803DE21B40C0900A9E336 /* ZJEditVideoHeaderView.swift */ = {isa = PBXFileReference; lastKnownFileType = sourcecode.swift; path = ZJEditVideoHeaderView.swift; sourceTree = "<group>"; };
		045803E021B4128200A9E336 /* ZJCommon.swift */ = {isa = PBXFileReference; lastKnownFileType = sourcecode.swift; path = ZJCommon.swift; sourceTree = "<group>"; };
		045803E321B414C800A9E336 /* ZJEditVideoFooterView.swift */ = {isa = PBXFileReference; lastKnownFileType = sourcecode.swift; path = ZJEditVideoFooterView.swift; sourceTree = "<group>"; };
		045803E721B418BF00A9E336 /* ZJCaptureVideoViewController.swift */ = {isa = PBXFileReference; lastKnownFileType = sourcecode.swift; path = ZJCaptureVideoViewController.swift; sourceTree = "<group>"; };
		048FBF5621B8332700B74C5A /* ZJCaptureBotView.swift */ = {isa = PBXFileReference; lastKnownFileType = sourcecode.swift; path = ZJCaptureBotView.swift; sourceTree = "<group>"; };
		048FBF5B21BAAD5800B74C5A /* ZJCustomBtn.swift */ = {isa = PBXFileReference; lastKnownFileType = sourcecode.swift; path = ZJCustomBtn.swift; sourceTree = "<group>"; };
		048FBF5D21BAB86B00B74C5A /* ZJCaptureRightToolView.swift */ = {isa = PBXFileReference; lastKnownFileType = sourcecode.swift; path = ZJCaptureRightToolView.swift; sourceTree = "<group>"; };
		049DFAEB21C7FE6400C2546E /* ZJCaptureFilterView.swift */ = {isa = PBXFileReference; lastKnownFileType = sourcecode.swift; path = ZJCaptureFilterView.swift; sourceTree = "<group>"; };
		049DFAED21C7FFD800C2546E /* ZJCaptureFilterCell.swift */ = {isa = PBXFileReference; lastKnownFileType = sourcecode.swift; path = ZJCaptureFilterCell.swift; sourceTree = "<group>"; };
		049DFAF121C801DA00C2546E /* ZJFileManager.swift */ = {isa = PBXFileReference; lastKnownFileType = sourcecode.swift; path = ZJFileManager.swift; sourceTree = "<group>"; };
		049DFAF321C949DA00C2546E /* ZJViewPointTool.swift */ = {isa = PBXFileReference; lastKnownFileType = sourcecode.swift; path = ZJViewPointTool.swift; sourceTree = "<group>"; };
		049DFAF521C94B2300C2546E /* ZJShowFilterView.swift */ = {isa = PBXFileReference; lastKnownFileType = sourcecode.swift; path = ZJShowFilterView.swift; sourceTree = "<group>"; };
		049DFAF721CA904F00C2546E /* ZJFilterViewItemCell.swift */ = {isa = PBXFileReference; lastKnownFileType = sourcecode.swift; path = ZJFilterViewItemCell.swift; sourceTree = "<group>"; };
		049DFAFD21CF5CE900C2546E /* ZJBeautySettingView.swift */ = {isa = PBXFileReference; lastKnownFileType = sourcecode.swift; path = ZJBeautySettingView.swift; sourceTree = "<group>"; };
		04D2091B21C2A4AD00877161 /* ZJEditVideoViewController.swift */ = {isa = PBXFileReference; lastKnownFileType = sourcecode.swift; path = ZJEditVideoViewController.swift; sourceTree = "<group>"; };
		04D2091D21C2A65100877161 /* ZJBaseView.swift */ = {isa = PBXFileReference; lastKnownFileType = sourcecode.swift; path = ZJBaseView.swift; sourceTree = "<group>"; };
		04D2091F21C2A69B00877161 /* ZJVideoProgressView.swift */ = {isa = PBXFileReference; lastKnownFileType = sourcecode.swift; path = ZJVideoProgressView.swift; sourceTree = "<group>"; };
		04D2092221C2ACDE00877161 /* ZJCaptureProgressModel.swift */ = {isa = PBXFileReference; lastKnownFileType = sourcecode.swift; path = ZJCaptureProgressModel.swift; sourceTree = "<group>"; };
		105FB9AE3BBBA504277333AB /* Pods-ZJShortVideoTests.release.xcconfig */ = {isa = PBXFileReference; includeInIndex = 1; lastKnownFileType = text.xcconfig; name = "Pods-ZJShortVideoTests.release.xcconfig"; path = "Pods/Target Support Files/Pods-ZJShortVideoTests/Pods-ZJShortVideoTests.release.xcconfig"; sourceTree = "<group>"; };
		213A7BBA720FDFB159F08EC8 /* Pods-ZJShortVideoTests.debug.xcconfig */ = {isa = PBXFileReference; includeInIndex = 1; lastKnownFileType = text.xcconfig; name = "Pods-ZJShortVideoTests.debug.xcconfig"; path = "Pods/Target Support Files/Pods-ZJShortVideoTests/Pods-ZJShortVideoTests.debug.xcconfig"; sourceTree = "<group>"; };
		2FD9FC1CAC392E3D8CC6D54D /* Pods-ZJShortVideoUITests.release.xcconfig */ = {isa = PBXFileReference; includeInIndex = 1; lastKnownFileType = text.xcconfig; name = "Pods-ZJShortVideoUITests.release.xcconfig"; path = "Pods/Target Support Files/Pods-ZJShortVideoUITests/Pods-ZJShortVideoUITests.release.xcconfig"; sourceTree = "<group>"; };
		3CBCE239F823E5A1DC3D93C6 /* Pods-ZJShortVideo.debug.xcconfig */ = {isa = PBXFileReference; includeInIndex = 1; lastKnownFileType = text.xcconfig; name = "Pods-ZJShortVideo.debug.xcconfig"; path = "Pods/Target Support Files/Pods-ZJShortVideo/Pods-ZJShortVideo.debug.xcconfig"; sourceTree = "<group>"; };
		42ACD9C2043EDF62C85FEED8 /* Pods_ZJShortVideo.framework */ = {isa = PBXFileReference; explicitFileType = wrapper.framework; includeInIndex = 0; path = Pods_ZJShortVideo.framework; sourceTree = BUILT_PRODUCTS_DIR; };
		94358B6AD564B7C27DC7C6C8 /* Pods_ZJShortVideoTests.framework */ = {isa = PBXFileReference; explicitFileType = wrapper.framework; includeInIndex = 0; path = Pods_ZJShortVideoTests.framework; sourceTree = BUILT_PRODUCTS_DIR; };
		A2A9439DE948AEA646D57264 /* Pods-ZJShortVideoUITests.debug.xcconfig */ = {isa = PBXFileReference; includeInIndex = 1; lastKnownFileType = text.xcconfig; name = "Pods-ZJShortVideoUITests.debug.xcconfig"; path = "Pods/Target Support Files/Pods-ZJShortVideoUITests/Pods-ZJShortVideoUITests.debug.xcconfig"; sourceTree = "<group>"; };
		D0C2E9892A36118207CF1CC7 /* Pods-ZJShortVideo.release.xcconfig */ = {isa = PBXFileReference; includeInIndex = 1; lastKnownFileType = text.xcconfig; name = "Pods-ZJShortVideo.release.xcconfig"; path = "Pods/Target Support Files/Pods-ZJShortVideo/Pods-ZJShortVideo.release.xcconfig"; sourceTree = "<group>"; };
		D23DD52F275734F236484C35 /* Pods_ZJShortVideoUITests.framework */ = {isa = PBXFileReference; explicitFileType = wrapper.framework; includeInIndex = 0; path = Pods_ZJShortVideoUITests.framework; sourceTree = BUILT_PRODUCTS_DIR; };
/* End PBXFileReference section */

/* Begin PBXFrameworksBuildPhase section */
		042F8E8F21B3AF670039EC71 /* Frameworks */ = {
			isa = PBXFrameworksBuildPhase;
			buildActionMask = 2147483647;
			files = (
				1C07C5B772CF5FBB979C7BDA /* Pods_ZJShortVideo.framework in Frameworks */,
			);
			runOnlyForDeploymentPostprocessing = 0;
		};
		042F8EA321B3AF680039EC71 /* Frameworks */ = {
			isa = PBXFrameworksBuildPhase;
			buildActionMask = 2147483647;
			files = (
				55B2DE2ADB3DD1D3F978F73F /* Pods_ZJShortVideoTests.framework in Frameworks */,
			);
			runOnlyForDeploymentPostprocessing = 0;
		};
		042F8EAE21B3AF680039EC71 /* Frameworks */ = {
			isa = PBXFrameworksBuildPhase;
			buildActionMask = 2147483647;
			files = (
				B4CB0CE07551A51AE8312FDF /* Pods_ZJShortVideoUITests.framework in Frameworks */,
			);
			runOnlyForDeploymentPostprocessing = 0;
		};
/* End PBXFrameworksBuildPhase section */

/* Begin PBXGroup section */
		042F8E8921B3AF670039EC71 = {
			isa = PBXGroup;
			children = (
				042F8E9421B3AF670039EC71 /* ZJShortVideo */,
				042F8EA921B3AF680039EC71 /* ZJShortVideoTests */,
				042F8EB421B3AF680039EC71 /* ZJShortVideoUITests */,
				042F8E9321B3AF670039EC71 /* Products */,
				62CF1C3949E098434DCB03A0 /* Pods */,
				786DC153DD5B72B34564EFCA /* Frameworks */,
			);
			sourceTree = "<group>";
		};
		042F8E9321B3AF670039EC71 /* Products */ = {
			isa = PBXGroup;
			children = (
				042F8E9221B3AF670039EC71 /* ZJShortVideo.app */,
				042F8EA621B3AF680039EC71 /* ZJShortVideoTests.xctest */,
				042F8EB121B3AF680039EC71 /* ZJShortVideoUITests.xctest */,
			);
			name = Products;
			sourceTree = "<group>";
		};
		042F8E9421B3AF670039EC71 /* ZJShortVideo */ = {
			isa = PBXGroup;
			children = (
				042F8EC321B3B09D0039EC71 /* Appdelegate */,
				042F8EC421B3B0A80039EC71 /* Modules */,
				042F8ECE21B3B14E0039EC71 /* Macros */,
				042F8EC521B3B0C80039EC71 /* BaseVC */,
				048FBF5921BAAD2400B74C5A /* Utils */,
				042F8ECF21B3B1660039EC71 /* Resource */,
				042F8EC621B3B0D70039EC71 /* Other */,
				042F8EA121B3AF680039EC71 /* Info.plist */,
			);
			path = ZJShortVideo;
			sourceTree = "<group>";
		};
		042F8EA921B3AF680039EC71 /* ZJShortVideoTests */ = {
			isa = PBXGroup;
			children = (
				042F8EAA21B3AF680039EC71 /* ZJShortVideoTests.swift */,
				042F8EAC21B3AF680039EC71 /* Info.plist */,
			);
			path = ZJShortVideoTests;
			sourceTree = "<group>";
		};
		042F8EB421B3AF680039EC71 /* ZJShortVideoUITests */ = {
			isa = PBXGroup;
			children = (
				042F8EB521B3AF680039EC71 /* ZJShortVideoUITests.swift */,
				042F8EB721B3AF680039EC71 /* Info.plist */,
			);
			path = ZJShortVideoUITests;
			sourceTree = "<group>";
		};
		042F8EC321B3B09D0039EC71 /* Appdelegate */ = {
			isa = PBXGroup;
			children = (
				042F8E9521B3AF670039EC71 /* AppDelegate.swift */,
			);
			path = Appdelegate;
			sourceTree = "<group>";
		};
		042F8EC421B3B0A80039EC71 /* Modules */ = {
			isa = PBXGroup;
			children = (
				042F8ED721B3B5FD0039EC71 /* Home */,
				042F8ED821B3B6030039EC71 /* Video */,
				042F8ED921B3B60D0039EC71 /* Profile */,
				042F8ECB21B3B11A0039EC71 /* MainVC */,
			);
			path = Modules;
			sourceTree = "<group>";
		};
		042F8EC521B3B0C80039EC71 /* BaseVC */ = {
			isa = PBXGroup;
			children = (
				042F8EE121B3C7CC0039EC71 /* View */,
				042F8EC721B3B0F50039EC71 /* ZJBaseViewController.swift */,
				042F8EC921B3B10B0039EC71 /* ZJNavigationController.swift */,
			);
			path = BaseVC;
			sourceTree = "<group>";
		};
		042F8EC621B3B0D70039EC71 /* Other */ = {
			isa = PBXGroup;
			children = (
				042F8E9921B3AF670039EC71 /* Main.storyboard */,
				042F8E9E21B3AF680039EC71 /* LaunchScreen.storyboard */,
			);
			path = Other;
			sourceTree = "<group>";
		};
		042F8ECB21B3B11A0039EC71 /* MainVC */ = {
			isa = PBXGroup;
			children = (
				042F8ECC21B3B1370039EC71 /* ZJRootViewController.swift */,
			);
			path = MainVC;
			sourceTree = "<group>";
		};
		042F8ECE21B3B14E0039EC71 /* Macros */ = {
			isa = PBXGroup;
			children = (
				042F8ED121B3B2080039EC71 /* ZJColorsMacor.swift */,
				042F8ED321B3B3740039EC71 /* ZJFontsMacor.swift */,
				042F8ED521B3B43E0039EC71 /* ZJDeviceMacor.swift */,
				045803E021B4128200A9E336 /* ZJCommon.swift */,
				040EA8C221B423F00090E2CC /* ZJShortVideo_bridge.h */,
			);
			path = Macros;
			sourceTree = "<group>";
		};
		042F8ECF21B3B1660039EC71 /* Resource */ = {
			isa = PBXGroup;
			children = (
				042F8E9C21B3AF680039EC71 /* Assets.xcassets */,
			);
			path = Resource;
			sourceTree = "<group>";
		};
		042F8ED721B3B5FD0039EC71 /* Home */ = {
			isa = PBXGroup;
			children = (
				042F8EE021B3C7B80039EC71 /* View */,
				042F8EDA21B3B6270039EC71 /* ZJHomeViewController.swift */,
			);
			path = Home;
			sourceTree = "<group>";
		};
		042F8ED821B3B6030039EC71 /* Video */ = {
			isa = PBXGroup;
			children = (
				042F8EDE21B3B6430039EC71 /* ZJAddVideoViewController.swift */,
				045803E221B4141E00A9E336 /* Controller */,
				045803DD21B40AB600A9E336 /* View */,
				04D2092121C2ACB100877161 /* Model */,
			);
			path = Video;
			sourceTree = "<group>";
		};
		042F8ED921B3B60D0039EC71 /* Profile */ = {
			isa = PBXGroup;
			children = (
				042F8EDC21B3B6350039EC71 /* ZJProfileViewController.swift */,
			);
			path = Profile;
			sourceTree = "<group>";
		};
		042F8EE021B3C7B80039EC71 /* View */ = {
			isa = PBXGroup;
			children = (
				042F8EE621B3C8480039EC71 /* ZJHomeListCell.swift */,
			);
			path = View;
			sourceTree = "<group>";
		};
		042F8EE121B3C7CC0039EC71 /* View */ = {
			isa = PBXGroup;
			children = (
				042F8EE221B3C7EE0039EC71 /* ZJBaseCollectionCell.swift */,
				042F8EE421B3C8080039EC71 /* ZJBaseTableCell.swift */,
				04D2091D21C2A65100877161 /* ZJBaseView.swift */,
			);
			path = View;
			sourceTree = "<group>";
		};
		044355C721C4DA6900DF5983 /* EditVideo */ = {
			isa = PBXGroup;
			children = (
				044355C821C4DA9200DF5983 /* ZJEditVideoView.swift */,
				045803DE21B40C0900A9E336 /* ZJEditVideoHeaderView.swift */,
				045803E321B414C800A9E336 /* ZJEditVideoFooterView.swift */,
			);
			path = EditVideo;
			sourceTree = "<group>";
		};
		045803DD21B40AB600A9E336 /* View */ = {
			isa = PBXGroup;
			children = (
				044355C721C4DA6900DF5983 /* EditVideo */,
				048FBF5821BAAD0500B74C5A /* Capture */,
			);
			path = View;
			sourceTree = "<group>";
		};
		045803E221B4141E00A9E336 /* Controller */ = {
			isa = PBXGroup;
			children = (
				045803E721B418BF00A9E336 /* ZJCaptureVideoViewController.swift */,
				04D2091B21C2A4AD00877161 /* ZJEditVideoViewController.swift */,
			);
			path = Controller;
			sourceTree = "<group>";
		};
		048FBF5821BAAD0500B74C5A /* Capture */ = {
			isa = PBXGroup;
			children = (
				040EA8C321B424E30090E2CC /* ZJCaptureVideoView.swift */,
				049DFB0221CF71D600C2546E /* CaptureProgressView(进度条) */,
				049DFB0121CF718200C2546E /* CaptureRightView(右边工具按钮) */,
				049DFB0021CF715D00C2546E /* CaptureBotView(底部按钮) */,
				049DFAFF21CF711A00C2546E /* FilterAndBeautyView(美化) */,
			);
			path = Capture;
			sourceTree = "<group>";
		};
		048FBF5921BAAD2400B74C5A /* Utils */ = {
			isa = PBXGroup;
			children = (
				049DFAF021C801B200C2546E /* Tool */,
				048FBF5A21BAAD3600B74C5A /* View */,
			);
			path = Utils;
			sourceTree = "<group>";
		};
		048FBF5A21BAAD3600B74C5A /* View */ = {
			isa = PBXGroup;
			children = (
				048FBF5B21BAAD5800B74C5A /* ZJCustomBtn.swift */,
			);
			path = View;
			sourceTree = "<group>";
		};
		049DFAF021C801B200C2546E /* Tool */ = {
			isa = PBXGroup;
			children = (
				049DFAF121C801DA00C2546E /* ZJFileManager.swift */,
				049DFAF321C949DA00C2546E /* ZJViewPointTool.swift */,
			);
			path = Tool;
			sourceTree = "<group>";
		};
		049DFAFF21CF711A00C2546E /* FilterAndBeautyView(美化) */ = {
			isa = PBXGroup;
			children = (
				049DFAF521C94B2300C2546E /* ZJShowFilterView.swift */,
				049DFAF721CA904F00C2546E /* ZJFilterViewItemCell.swift */,
				049DFAFD21CF5CE900C2546E /* ZJBeautySettingView.swift */,
				049DFAEB21C7FE6400C2546E /* ZJCaptureFilterView.swift */,
				049DFAED21C7FFD800C2546E /* ZJCaptureFilterCell.swift */,
			);
			path = "FilterAndBeautyView(美化)";
			sourceTree = "<group>";
		};
		049DFB0021CF715D00C2546E /* CaptureBotView(底部按钮) */ = {
			isa = PBXGroup;
			children = (
				048FBF5621B8332700B74C5A /* ZJCaptureBotView.swift */,
			);
			path = "CaptureBotView(底部按钮)";
			sourceTree = "<group>";
		};
		049DFB0121CF718200C2546E /* CaptureRightView(右边工具按钮) */ = {
			isa = PBXGroup;
			children = (
				048FBF5D21BAB86B00B74C5A /* ZJCaptureRightToolView.swift */,
			);
			path = "CaptureRightView(右边工具按钮)";
			sourceTree = "<group>";
		};
		049DFB0221CF71D600C2546E /* CaptureProgressView(进度条) */ = {
			isa = PBXGroup;
			children = (
				04D2091F21C2A69B00877161 /* ZJVideoProgressView.swift */,
			);
			path = "CaptureProgressView(进度条)";
			sourceTree = "<group>";
		};
		04D2092121C2ACB100877161 /* Model */ = {
			isa = PBXGroup;
			children = (
				04D2092221C2ACDE00877161 /* ZJCaptureProgressModel.swift */,
			);
			path = Model;
			sourceTree = "<group>";
		};
		62CF1C3949E098434DCB03A0 /* Pods */ = {
			isa = PBXGroup;
			children = (
				3CBCE239F823E5A1DC3D93C6 /* Pods-ZJShortVideo.debug.xcconfig */,
				D0C2E9892A36118207CF1CC7 /* Pods-ZJShortVideo.release.xcconfig */,
				213A7BBA720FDFB159F08EC8 /* Pods-ZJShortVideoTests.debug.xcconfig */,
				105FB9AE3BBBA504277333AB /* Pods-ZJShortVideoTests.release.xcconfig */,
				A2A9439DE948AEA646D57264 /* Pods-ZJShortVideoUITests.debug.xcconfig */,
				2FD9FC1CAC392E3D8CC6D54D /* Pods-ZJShortVideoUITests.release.xcconfig */,
			);
			name = Pods;
			sourceTree = "<group>";
		};
		786DC153DD5B72B34564EFCA /* Frameworks */ = {
			isa = PBXGroup;
			children = (
				42ACD9C2043EDF62C85FEED8 /* Pods_ZJShortVideo.framework */,
				94358B6AD564B7C27DC7C6C8 /* Pods_ZJShortVideoTests.framework */,
				D23DD52F275734F236484C35 /* Pods_ZJShortVideoUITests.framework */,
			);
			name = Frameworks;
			sourceTree = "<group>";
		};
/* End PBXGroup section */

/* Begin PBXNativeTarget section */
		042F8E9121B3AF670039EC71 /* ZJShortVideo */ = {
			isa = PBXNativeTarget;
			buildConfigurationList = 042F8EBA21B3AF680039EC71 /* Build configuration list for PBXNativeTarget "ZJShortVideo" */;
			buildPhases = (
				B2497EB10CA239E5C67213D1 /* [CP] Check Pods Manifest.lock */,
				042F8E8E21B3AF670039EC71 /* Sources */,
				042F8E8F21B3AF670039EC71 /* Frameworks */,
				042F8E9021B3AF670039EC71 /* Resources */,
				4561A246F307174F09940353 /* [CP] Embed Pods Frameworks */,
			);
			buildRules = (
			);
			dependencies = (
			);
			name = ZJShortVideo;
			productName = ZJShortVideo;
			productReference = 042F8E9221B3AF670039EC71 /* ZJShortVideo.app */;
			productType = "com.apple.product-type.application";
		};
		042F8EA521B3AF680039EC71 /* ZJShortVideoTests */ = {
			isa = PBXNativeTarget;
			buildConfigurationList = 042F8EBD21B3AF680039EC71 /* Build configuration list for PBXNativeTarget "ZJShortVideoTests" */;
			buildPhases = (
				553941CD330FAF3C3EAE5898 /* [CP] Check Pods Manifest.lock */,
				042F8EA221B3AF680039EC71 /* Sources */,
				042F8EA321B3AF680039EC71 /* Frameworks */,
				042F8EA421B3AF680039EC71 /* Resources */,
			);
			buildRules = (
			);
			dependencies = (
				042F8EA821B3AF680039EC71 /* PBXTargetDependency */,
			);
			name = ZJShortVideoTests;
			productName = ZJShortVideoTests;
			productReference = 042F8EA621B3AF680039EC71 /* ZJShortVideoTests.xctest */;
			productType = "com.apple.product-type.bundle.unit-test";
		};
		042F8EB021B3AF680039EC71 /* ZJShortVideoUITests */ = {
			isa = PBXNativeTarget;
			buildConfigurationList = 042F8EC021B3AF680039EC71 /* Build configuration list for PBXNativeTarget "ZJShortVideoUITests" */;
			buildPhases = (
				6E02E3C255624E75655E490E /* [CP] Check Pods Manifest.lock */,
				042F8EAD21B3AF680039EC71 /* Sources */,
				042F8EAE21B3AF680039EC71 /* Frameworks */,
				042F8EAF21B3AF680039EC71 /* Resources */,
			);
			buildRules = (
			);
			dependencies = (
				042F8EB321B3AF680039EC71 /* PBXTargetDependency */,
			);
			name = ZJShortVideoUITests;
			productName = ZJShortVideoUITests;
			productReference = 042F8EB121B3AF680039EC71 /* ZJShortVideoUITests.xctest */;
			productType = "com.apple.product-type.bundle.ui-testing";
		};
/* End PBXNativeTarget section */

/* Begin PBXProject section */
		042F8E8A21B3AF670039EC71 /* Project object */ = {
			isa = PBXProject;
			attributes = {
				CLASSPREFIX = ZJ;
				LastSwiftUpdateCheck = 1010;
				LastUpgradeCheck = 1010;
				ORGANIZATIONNAME = "邓志坚";
				TargetAttributes = {
					042F8E9121B3AF670039EC71 = {
						CreatedOnToolsVersion = 10.1;
					};
					042F8EA521B3AF680039EC71 = {
						CreatedOnToolsVersion = 10.1;
						TestTargetID = 042F8E9121B3AF670039EC71;
					};
					042F8EB021B3AF680039EC71 = {
						CreatedOnToolsVersion = 10.1;
						TestTargetID = 042F8E9121B3AF670039EC71;
					};
				};
			};
			buildConfigurationList = 042F8E8D21B3AF670039EC71 /* Build configuration list for PBXProject "ZJShortVideo" */;
			compatibilityVersion = "Xcode 9.3";
			developmentRegion = en;
			hasScannedForEncodings = 0;
			knownRegions = (
				en,
				Base,
			);
			mainGroup = 042F8E8921B3AF670039EC71;
			productRefGroup = 042F8E9321B3AF670039EC71 /* Products */;
			projectDirPath = "";
			projectRoot = "";
			targets = (
				042F8E9121B3AF670039EC71 /* ZJShortVideo */,
				042F8EA521B3AF680039EC71 /* ZJShortVideoTests */,
				042F8EB021B3AF680039EC71 /* ZJShortVideoUITests */,
			);
		};
/* End PBXProject section */

/* Begin PBXResourcesBuildPhase section */
		042F8E9021B3AF670039EC71 /* Resources */ = {
			isa = PBXResourcesBuildPhase;
			buildActionMask = 2147483647;
			files = (
				042F8EA021B3AF680039EC71 /* LaunchScreen.storyboard in Resources */,
				042F8E9D21B3AF680039EC71 /* Assets.xcassets in Resources */,
				042F8E9B21B3AF670039EC71 /* Main.storyboard in Resources */,
			);
			runOnlyForDeploymentPostprocessing = 0;
		};
		042F8EA421B3AF680039EC71 /* Resources */ = {
			isa = PBXResourcesBuildPhase;
			buildActionMask = 2147483647;
			files = (
			);
			runOnlyForDeploymentPostprocessing = 0;
		};
		042F8EAF21B3AF680039EC71 /* Resources */ = {
			isa = PBXResourcesBuildPhase;
			buildActionMask = 2147483647;
			files = (
			);
			runOnlyForDeploymentPostprocessing = 0;
		};
/* End PBXResourcesBuildPhase section */

/* Begin PBXShellScriptBuildPhase section */
		4561A246F307174F09940353 /* [CP] Embed Pods Frameworks */ = {
			isa = PBXShellScriptBuildPhase;
			buildActionMask = 2147483647;
			files = (
			);
			inputFileListPaths = (
			);
			inputPaths = (
				"${SRCROOT}/Pods/Target Support Files/Pods-ZJShortVideo/Pods-ZJShortVideo-frameworks.sh",
				"${BUILT_PRODUCTS_DIR}/Alamofire/Alamofire.framework",
				"${BUILT_PRODUCTS_DIR}/GPUImage/GPUImage.framework",
				"${BUILT_PRODUCTS_DIR}/Kingfisher/Kingfisher.framework",
				"${BUILT_PRODUCTS_DIR}/SVProgressHUD/SVProgressHUD.framework",
				"${BUILT_PRODUCTS_DIR}/SnapKit/SnapKit.framework",
			);
			name = "[CP] Embed Pods Frameworks";
			outputFileListPaths = (
			);
			outputPaths = (
				"${TARGET_BUILD_DIR}/${FRAMEWORKS_FOLDER_PATH}/Alamofire.framework",
				"${TARGET_BUILD_DIR}/${FRAMEWORKS_FOLDER_PATH}/GPUImage.framework",
				"${TARGET_BUILD_DIR}/${FRAMEWORKS_FOLDER_PATH}/Kingfisher.framework",
				"${TARGET_BUILD_DIR}/${FRAMEWORKS_FOLDER_PATH}/SVProgressHUD.framework",
				"${TARGET_BUILD_DIR}/${FRAMEWORKS_FOLDER_PATH}/SnapKit.framework",
			);
			runOnlyForDeploymentPostprocessing = 0;
			shellPath = /bin/sh;
			shellScript = "\"${SRCROOT}/Pods/Target Support Files/Pods-ZJShortVideo/Pods-ZJShortVideo-frameworks.sh\"\n";
			showEnvVarsInLog = 0;
		};
		553941CD330FAF3C3EAE5898 /* [CP] Check Pods Manifest.lock */ = {
			isa = PBXShellScriptBuildPhase;
			buildActionMask = 2147483647;
			files = (
			);
			inputFileListPaths = (
			);
			inputPaths = (
				"${PODS_PODFILE_DIR_PATH}/Podfile.lock",
				"${PODS_ROOT}/Manifest.lock",
			);
			name = "[CP] Check Pods Manifest.lock";
			outputFileListPaths = (
			);
			outputPaths = (
				"$(DERIVED_FILE_DIR)/Pods-ZJShortVideoTests-checkManifestLockResult.txt",
			);
			runOnlyForDeploymentPostprocessing = 0;
			shellPath = /bin/sh;
			shellScript = "diff \"${PODS_PODFILE_DIR_PATH}/Podfile.lock\" \"${PODS_ROOT}/Manifest.lock\" > /dev/null\nif [ $? != 0 ] ; then\n    # print error to STDERR\n    echo \"error: The sandbox is not in sync with the Podfile.lock. Run 'pod install' or update your CocoaPods installation.\" >&2\n    exit 1\nfi\n# This output is used by Xcode 'outputs' to avoid re-running this script phase.\necho \"SUCCESS\" > \"${SCRIPT_OUTPUT_FILE_0}\"\n";
			showEnvVarsInLog = 0;
		};
		6E02E3C255624E75655E490E /* [CP] Check Pods Manifest.lock */ = {
			isa = PBXShellScriptBuildPhase;
			buildActionMask = 2147483647;
			files = (
			);
			inputFileListPaths = (
			);
			inputPaths = (
				"${PODS_PODFILE_DIR_PATH}/Podfile.lock",
				"${PODS_ROOT}/Manifest.lock",
			);
			name = "[CP] Check Pods Manifest.lock";
			outputFileListPaths = (
			);
			outputPaths = (
				"$(DERIVED_FILE_DIR)/Pods-ZJShortVideoUITests-checkManifestLockResult.txt",
			);
			runOnlyForDeploymentPostprocessing = 0;
			shellPath = /bin/sh;
			shellScript = "diff \"${PODS_PODFILE_DIR_PATH}/Podfile.lock\" \"${PODS_ROOT}/Manifest.lock\" > /dev/null\nif [ $? != 0 ] ; then\n    # print error to STDERR\n    echo \"error: The sandbox is not in sync with the Podfile.lock. Run 'pod install' or update your CocoaPods installation.\" >&2\n    exit 1\nfi\n# This output is used by Xcode 'outputs' to avoid re-running this script phase.\necho \"SUCCESS\" > \"${SCRIPT_OUTPUT_FILE_0}\"\n";
			showEnvVarsInLog = 0;
		};
		B2497EB10CA239E5C67213D1 /* [CP] Check Pods Manifest.lock */ = {
			isa = PBXShellScriptBuildPhase;
			buildActionMask = 2147483647;
			files = (
			);
			inputFileListPaths = (
			);
			inputPaths = (
				"${PODS_PODFILE_DIR_PATH}/Podfile.lock",
				"${PODS_ROOT}/Manifest.lock",
			);
			name = "[CP] Check Pods Manifest.lock";
			outputFileListPaths = (
			);
			outputPaths = (
				"$(DERIVED_FILE_DIR)/Pods-ZJShortVideo-checkManifestLockResult.txt",
			);
			runOnlyForDeploymentPostprocessing = 0;
			shellPath = /bin/sh;
			shellScript = "diff \"${PODS_PODFILE_DIR_PATH}/Podfile.lock\" \"${PODS_ROOT}/Manifest.lock\" > /dev/null\nif [ $? != 0 ] ; then\n    # print error to STDERR\n    echo \"error: The sandbox is not in sync with the Podfile.lock. Run 'pod install' or update your CocoaPods installation.\" >&2\n    exit 1\nfi\n# This output is used by Xcode 'outputs' to avoid re-running this script phase.\necho \"SUCCESS\" > \"${SCRIPT_OUTPUT_FILE_0}\"\n";
			showEnvVarsInLog = 0;
		};
/* End PBXShellScriptBuildPhase section */

/* Begin PBXSourcesBuildPhase section */
		042F8E8E21B3AF670039EC71 /* Sources */ = {
			isa = PBXSourcesBuildPhase;
			buildActionMask = 2147483647;
			files = (
				049DFAF221C801DA00C2546E /* ZJFileManager.swift in Sources */,
				042F8EC821B3B0F50039EC71 /* ZJBaseViewController.swift in Sources */,
				04D2091E21C2A65100877161 /* ZJBaseView.swift in Sources */,
				049DFAF421C949DA00C2546E /* ZJViewPointTool.swift in Sources */,
				042F8EDD21B3B6350039EC71 /* ZJProfileViewController.swift in Sources */,
				04D2091C21C2A4AD00877161 /* ZJEditVideoViewController.swift in Sources */,
				045803E821B418BF00A9E336 /* ZJCaptureVideoViewController.swift in Sources */,
				042F8EDF21B3B6430039EC71 /* ZJAddVideoViewController.swift in Sources */,
				049DFAEE21C7FFD800C2546E /* ZJCaptureFilterCell.swift in Sources */,
				049DFAF821CA904F00C2546E /* ZJFilterViewItemCell.swift in Sources */,
				044355C921C4DA9200DF5983 /* ZJEditVideoView.swift in Sources */,
				042F8EDB21B3B6270039EC71 /* ZJHomeViewController.swift in Sources */,
				045803E421B414C800A9E336 /* ZJEditVideoFooterView.swift in Sources */,
				045803DF21B40C0900A9E336 /* ZJEditVideoHeaderView.swift in Sources */,
				045803E121B4128200A9E336 /* ZJCommon.swift in Sources */,
				042F8ED421B3B3740039EC71 /* ZJFontsMacor.swift in Sources */,
				048FBF5E21BAB86B00B74C5A /* ZJCaptureRightToolView.swift in Sources */,
				04D2092321C2ACDE00877161 /* ZJCaptureProgressModel.swift in Sources */,
				040EA8C421B424E30090E2CC /* ZJCaptureVideoView.swift in Sources */,
				049DFAEC21C7FE6400C2546E /* ZJCaptureFilterView.swift in Sources */,
				042F8E9621B3AF670039EC71 /* AppDelegate.swift in Sources */,
				042F8EE521B3C8080039EC71 /* ZJBaseTableCell.swift in Sources */,
				04D2092021C2A69B00877161 /* ZJVideoProgressView.swift in Sources */,
				042F8ECA21B3B10B0039EC71 /* ZJNavigationController.swift in Sources */,
				049DFAFE21CF5CE900C2546E /* ZJBeautySettingView.swift in Sources */,
				042F8ECD21B3B1370039EC71 /* ZJRootViewController.swift in Sources */,
				042F8ED221B3B2080039EC71 /* ZJColorsMacor.swift in Sources */,
				048FBF5721B8332700B74C5A /* ZJCaptureBotView.swift in Sources */,
				049DFAF621C94B2300C2546E /* ZJShowFilterView.swift in Sources */,
				048FBF5C21BAAD5800B74C5A /* ZJCustomBtn.swift in Sources */,
				042F8EE321B3C7EE0039EC71 /* ZJBaseCollectionCell.swift in Sources */,
				042F8EE721B3C8480039EC71 /* ZJHomeListCell.swift in Sources */,
				042F8ED621B3B43E0039EC71 /* ZJDeviceMacor.swift in Sources */,
			);
			runOnlyForDeploymentPostprocessing = 0;
		};
		042F8EA221B3AF680039EC71 /* Sources */ = {
			isa = PBXSourcesBuildPhase;
			buildActionMask = 2147483647;
			files = (
				042F8EAB21B3AF680039EC71 /* ZJShortVideoTests.swift in Sources */,
			);
			runOnlyForDeploymentPostprocessing = 0;
		};
		042F8EAD21B3AF680039EC71 /* Sources */ = {
			isa = PBXSourcesBuildPhase;
			buildActionMask = 2147483647;
			files = (
				042F8EB621B3AF680039EC71 /* ZJShortVideoUITests.swift in Sources */,
			);
			runOnlyForDeploymentPostprocessing = 0;
		};
/* End PBXSourcesBuildPhase section */

/* Begin PBXTargetDependency section */
		042F8EA821B3AF680039EC71 /* PBXTargetDependency */ = {
			isa = PBXTargetDependency;
			target = 042F8E9121B3AF670039EC71 /* ZJShortVideo */;
			targetProxy = 042F8EA721B3AF680039EC71 /* PBXContainerItemProxy */;
		};
		042F8EB321B3AF680039EC71 /* PBXTargetDependency */ = {
			isa = PBXTargetDependency;
			target = 042F8E9121B3AF670039EC71 /* ZJShortVideo */;
			targetProxy = 042F8EB221B3AF680039EC71 /* PBXContainerItemProxy */;
		};
/* End PBXTargetDependency section */

/* Begin PBXVariantGroup section */
		042F8E9921B3AF670039EC71 /* Main.storyboard */ = {
			isa = PBXVariantGroup;
			children = (
				042F8E9A21B3AF670039EC71 /* Base */,
			);
			name = Main.storyboard;
			sourceTree = "<group>";
		};
		042F8E9E21B3AF680039EC71 /* LaunchScreen.storyboard */ = {
			isa = PBXVariantGroup;
			children = (
				042F8E9F21B3AF680039EC71 /* Base */,
			);
			name = LaunchScreen.storyboard;
			sourceTree = "<group>";
		};
/* End PBXVariantGroup section */

/* Begin XCBuildConfiguration section */
		042F8EB821B3AF680039EC71 /* Debug */ = {
			isa = XCBuildConfiguration;
			buildSettings = {
				ALWAYS_SEARCH_USER_PATHS = NO;
				CLANG_ANALYZER_NONNULL = YES;
				CLANG_ANALYZER_NUMBER_OBJECT_CONVERSION = YES_AGGRESSIVE;
				CLANG_CXX_LANGUAGE_STANDARD = "gnu++14";
				CLANG_CXX_LIBRARY = "libc++";
				CLANG_ENABLE_MODULES = YES;
				CLANG_ENABLE_OBJC_ARC = YES;
				CLANG_ENABLE_OBJC_WEAK = YES;
				CLANG_WARN_BLOCK_CAPTURE_AUTORELEASING = YES;
				CLANG_WARN_BOOL_CONVERSION = YES;
				CLANG_WARN_COMMA = YES;
				CLANG_WARN_CONSTANT_CONVERSION = YES;
				CLANG_WARN_DEPRECATED_OBJC_IMPLEMENTATIONS = YES;
				CLANG_WARN_DIRECT_OBJC_ISA_USAGE = YES_ERROR;
				CLANG_WARN_DOCUMENTATION_COMMENTS = YES;
				CLANG_WARN_EMPTY_BODY = YES;
				CLANG_WARN_ENUM_CONVERSION = YES;
				CLANG_WARN_INFINITE_RECURSION = YES;
				CLANG_WARN_INT_CONVERSION = YES;
				CLANG_WARN_NON_LITERAL_NULL_CONVERSION = YES;
				CLANG_WARN_OBJC_IMPLICIT_RETAIN_SELF = YES;
				CLANG_WARN_OBJC_LITERAL_CONVERSION = YES;
				CLANG_WARN_OBJC_ROOT_CLASS = YES_ERROR;
				CLANG_WARN_RANGE_LOOP_ANALYSIS = YES;
				CLANG_WARN_STRICT_PROTOTYPES = YES;
				CLANG_WARN_SUSPICIOUS_MOVE = YES;
				CLANG_WARN_UNGUARDED_AVAILABILITY = YES_AGGRESSIVE;
				CLANG_WARN_UNREACHABLE_CODE = YES;
				CLANG_WARN__DUPLICATE_METHOD_MATCH = YES;
				CODE_SIGN_IDENTITY = "iPhone Developer";
				COPY_PHASE_STRIP = NO;
				DEBUG_INFORMATION_FORMAT = dwarf;
				ENABLE_STRICT_OBJC_MSGSEND = YES;
				ENABLE_TESTABILITY = YES;
				GCC_C_LANGUAGE_STANDARD = gnu11;
				GCC_DYNAMIC_NO_PIC = NO;
				GCC_NO_COMMON_BLOCKS = YES;
				GCC_OPTIMIZATION_LEVEL = 0;
				GCC_PREPROCESSOR_DEFINITIONS = (
					"DEBUG=1",
					"$(inherited)",
				);
				GCC_WARN_64_TO_32_BIT_CONVERSION = YES;
				GCC_WARN_ABOUT_RETURN_TYPE = YES_ERROR;
				GCC_WARN_UNDECLARED_SELECTOR = YES;
				GCC_WARN_UNINITIALIZED_AUTOS = YES_AGGRESSIVE;
				GCC_WARN_UNUSED_FUNCTION = YES;
				GCC_WARN_UNUSED_VARIABLE = YES;
				IPHONEOS_DEPLOYMENT_TARGET = 12.1;
				MTL_ENABLE_DEBUG_INFO = INCLUDE_SOURCE;
				MTL_FAST_MATH = YES;
				ONLY_ACTIVE_ARCH = YES;
				SDKROOT = iphoneos;
				SWIFT_ACTIVE_COMPILATION_CONDITIONS = DEBUG;
				SWIFT_OPTIMIZATION_LEVEL = "-Onone";
			};
			name = Debug;
		};
		042F8EB921B3AF680039EC71 /* Release */ = {
			isa = XCBuildConfiguration;
			buildSettings = {
				ALWAYS_SEARCH_USER_PATHS = NO;
				CLANG_ANALYZER_NONNULL = YES;
				CLANG_ANALYZER_NUMBER_OBJECT_CONVERSION = YES_AGGRESSIVE;
				CLANG_CXX_LANGUAGE_STANDARD = "gnu++14";
				CLANG_CXX_LIBRARY = "libc++";
				CLANG_ENABLE_MODULES = YES;
				CLANG_ENABLE_OBJC_ARC = YES;
				CLANG_ENABLE_OBJC_WEAK = YES;
				CLANG_WARN_BLOCK_CAPTURE_AUTORELEASING = YES;
				CLANG_WARN_BOOL_CONVERSION = YES;
				CLANG_WARN_COMMA = YES;
				CLANG_WARN_CONSTANT_CONVERSION = YES;
				CLANG_WARN_DEPRECATED_OBJC_IMPLEMENTATIONS = YES;
				CLANG_WARN_DIRECT_OBJC_ISA_USAGE = YES_ERROR;
				CLANG_WARN_DOCUMENTATION_COMMENTS = YES;
				CLANG_WARN_EMPTY_BODY = YES;
				CLANG_WARN_ENUM_CONVERSION = YES;
				CLANG_WARN_INFINITE_RECURSION = YES;
				CLANG_WARN_INT_CONVERSION = YES;
				CLANG_WARN_NON_LITERAL_NULL_CONVERSION = YES;
				CLANG_WARN_OBJC_IMPLICIT_RETAIN_SELF = YES;
				CLANG_WARN_OBJC_LITERAL_CONVERSION = YES;
				CLANG_WARN_OBJC_ROOT_CLASS = YES_ERROR;
				CLANG_WARN_RANGE_LOOP_ANALYSIS = YES;
				CLANG_WARN_STRICT_PROTOTYPES = YES;
				CLANG_WARN_SUSPICIOUS_MOVE = YES;
				CLANG_WARN_UNGUARDED_AVAILABILITY = YES_AGGRESSIVE;
				CLANG_WARN_UNREACHABLE_CODE = YES;
				CLANG_WARN__DUPLICATE_METHOD_MATCH = YES;
				CODE_SIGN_IDENTITY = "iPhone Developer";
				COPY_PHASE_STRIP = NO;
				DEBUG_INFORMATION_FORMAT = "dwarf-with-dsym";
				ENABLE_NS_ASSERTIONS = NO;
				ENABLE_STRICT_OBJC_MSGSEND = YES;
				GCC_C_LANGUAGE_STANDARD = gnu11;
				GCC_NO_COMMON_BLOCKS = YES;
				GCC_WARN_64_TO_32_BIT_CONVERSION = YES;
				GCC_WARN_ABOUT_RETURN_TYPE = YES_ERROR;
				GCC_WARN_UNDECLARED_SELECTOR = YES;
				GCC_WARN_UNINITIALIZED_AUTOS = YES_AGGRESSIVE;
				GCC_WARN_UNUSED_FUNCTION = YES;
				GCC_WARN_UNUSED_VARIABLE = YES;
				IPHONEOS_DEPLOYMENT_TARGET = 12.1;
				MTL_ENABLE_DEBUG_INFO = NO;
				MTL_FAST_MATH = YES;
				SDKROOT = iphoneos;
				SWIFT_COMPILATION_MODE = wholemodule;
				SWIFT_OPTIMIZATION_LEVEL = "-O";
				VALIDATE_PRODUCT = YES;
			};
			name = Release;
		};
		042F8EBB21B3AF680039EC71 /* Debug */ = {
			isa = XCBuildConfiguration;
			baseConfigurationReference = 3CBCE239F823E5A1DC3D93C6 /* Pods-ZJShortVideo.debug.xcconfig */;
			buildSettings = {
				ASSETCATALOG_COMPILER_APPICON_NAME = AppIcon;
				CODE_SIGN_STYLE = Automatic;
				DEVELOPMENT_TEAM = 28E7TBMSGR;
				GCC_PRECOMPILE_PREFIX_HEADER = YES;
				GCC_PREFIX_HEADER = ZJShortVideo/Macros/ZJCommon.swift;
				INFOPLIST_FILE = ZJShortVideo/Info.plist;
				IPHONEOS_DEPLOYMENT_TARGET = 9.0;
				LD_RUNPATH_SEARCH_PATHS = (
					"$(inherited)",
					"@executable_path/Frameworks",
				);
				PRODUCT_BUNDLE_IDENTIFIER = com.codeDeng.video;
				PRODUCT_NAME = "$(TARGET_NAME)";
				SWIFT_OBJC_BRIDGING_HEADER = ZJShortVideo/Macros/ZJShortVideo_bridge.h;
				SWIFT_VERSION = 4.2;
				TARGETED_DEVICE_FAMILY = "1,2";
				USER_HEADER_SEARCH_PATHS = (
					"${SRCROOT}",
					"/**",
				);
			};
			name = Debug;
		};
		042F8EBC21B3AF680039EC71 /* Release */ = {
			isa = XCBuildConfiguration;
			baseConfigurationReference = D0C2E9892A36118207CF1CC7 /* Pods-ZJShortVideo.release.xcconfig */;
			buildSettings = {
				ASSETCATALOG_COMPILER_APPICON_NAME = AppIcon;
				CODE_SIGN_STYLE = Automatic;
				DEVELOPMENT_TEAM = 28E7TBMSGR;
				GCC_PRECOMPILE_PREFIX_HEADER = YES;
				GCC_PREFIX_HEADER = ZJShortVideo/Macros/ZJCommon.swift;
				INFOPLIST_FILE = ZJShortVideo/Info.plist;
				IPHONEOS_DEPLOYMENT_TARGET = 9.0;
				LD_RUNPATH_SEARCH_PATHS = (
					"$(inherited)",
					"@executable_path/Frameworks",
				);
				PRODUCT_BUNDLE_IDENTIFIER = com.codeDeng.video;
				PRODUCT_NAME = "$(TARGET_NAME)";
				SWIFT_OBJC_BRIDGING_HEADER = ZJShortVideo/Macros/ZJShortVideo_bridge.h;
				SWIFT_VERSION = 4.2;
				TARGETED_DEVICE_FAMILY = "1,2";
				USER_HEADER_SEARCH_PATHS = (
					"${SRCROOT}",
					"/**",
				);
			};
			name = Release;
		};
		042F8EBE21B3AF680039EC71 /* Debug */ = {
			isa = XCBuildConfiguration;
			baseConfigurationReference = 213A7BBA720FDFB159F08EC8 /* Pods-ZJShortVideoTests.debug.xcconfig */;
			buildSettings = {
				ALWAYS_EMBED_SWIFT_STANDARD_LIBRARIES = YES;
				BUNDLE_LOADER = "$(TEST_HOST)";
				CODE_SIGN_STYLE = Automatic;
				DEVELOPMENT_TEAM = R65337KS8W;
				INFOPLIST_FILE = ZJShortVideoTests/Info.plist;
				LD_RUNPATH_SEARCH_PATHS = (
					"$(inherited)",
					"@executable_path/Frameworks",
					"@loader_path/Frameworks",
				);
				PRODUCT_BUNDLE_IDENTIFIER = codeDeng.ZJShortVideoTests;
				PRODUCT_NAME = "$(TARGET_NAME)";
				SWIFT_VERSION = 4.2;
				TARGETED_DEVICE_FAMILY = "1,2";
				TEST_HOST = "$(BUILT_PRODUCTS_DIR)/ZJShortVideo.app/ZJShortVideo";
			};
			name = Debug;
		};
		042F8EBF21B3AF680039EC71 /* Release */ = {
			isa = XCBuildConfiguration;
			baseConfigurationReference = 105FB9AE3BBBA504277333AB /* Pods-ZJShortVideoTests.release.xcconfig */;
			buildSettings = {
				ALWAYS_EMBED_SWIFT_STANDARD_LIBRARIES = YES;
				BUNDLE_LOADER = "$(TEST_HOST)";
				CODE_SIGN_STYLE = Automatic;
				DEVELOPMENT_TEAM = R65337KS8W;
				INFOPLIST_FILE = ZJShortVideoTests/Info.plist;
				LD_RUNPATH_SEARCH_PATHS = (
					"$(inherited)",
					"@executable_path/Frameworks",
					"@loader_path/Frameworks",
				);
				PRODUCT_BUNDLE_IDENTIFIER = codeDeng.ZJShortVideoTests;
				PRODUCT_NAME = "$(TARGET_NAME)";
				SWIFT_VERSION = 4.2;
				TARGETED_DEVICE_FAMILY = "1,2";
				TEST_HOST = "$(BUILT_PRODUCTS_DIR)/ZJShortVideo.app/ZJShortVideo";
			};
			name = Release;
		};
		042F8EC121B3AF680039EC71 /* Debug */ = {
			isa = XCBuildConfiguration;
			baseConfigurationReference = A2A9439DE948AEA646D57264 /* Pods-ZJShortVideoUITests.debug.xcconfig */;
			buildSettings = {
				ALWAYS_EMBED_SWIFT_STANDARD_LIBRARIES = YES;
				CODE_SIGN_STYLE = Automatic;
				DEVELOPMENT_TEAM = R65337KS8W;
				INFOPLIST_FILE = ZJShortVideoUITests/Info.plist;
				LD_RUNPATH_SEARCH_PATHS = (
					"$(inherited)",
					"@executable_path/Frameworks",
					"@loader_path/Frameworks",
				);
				PRODUCT_BUNDLE_IDENTIFIER = codeDeng.ZJShortVideoUITests;
				PRODUCT_NAME = "$(TARGET_NAME)";
				SWIFT_VERSION = 4.2;
				TARGETED_DEVICE_FAMILY = "1,2";
				TEST_TARGET_NAME = ZJShortVideo;
			};
			name = Debug;
		};
		042F8EC221B3AF680039EC71 /* Release */ = {
			isa = XCBuildConfiguration;
			baseConfigurationReference = 2FD9FC1CAC392E3D8CC6D54D /* Pods-ZJShortVideoUITests.release.xcconfig */;
			buildSettings = {
				ALWAYS_EMBED_SWIFT_STANDARD_LIBRARIES = YES;
				CODE_SIGN_STYLE = Automatic;
				DEVELOPMENT_TEAM = R65337KS8W;
				INFOPLIST_FILE = ZJShortVideoUITests/Info.plist;
				LD_RUNPATH_SEARCH_PATHS = (
					"$(inherited)",
					"@executable_path/Frameworks",
					"@loader_path/Frameworks",
				);
				PRODUCT_BUNDLE_IDENTIFIER = codeDeng.ZJShortVideoUITests;
				PRODUCT_NAME = "$(TARGET_NAME)";
				SWIFT_VERSION = 4.2;
				TARGETED_DEVICE_FAMILY = "1,2";
				TEST_TARGET_NAME = ZJShortVideo;
			};
			name = Release;
		};
/* End XCBuildConfiguration section */

/* Begin XCConfigurationList section */
		042F8E8D21B3AF670039EC71 /* Build configuration list for PBXProject "ZJShortVideo" */ = {
			isa = XCConfigurationList;
			buildConfigurations = (
				042F8EB821B3AF680039EC71 /* Debug */,
				042F8EB921B3AF680039EC71 /* Release */,
			);
			defaultConfigurationIsVisible = 0;
			defaultConfigurationName = Release;
		};
		042F8EBA21B3AF680039EC71 /* Build configuration list for PBXNativeTarget "ZJShortVideo" */ = {
			isa = XCConfigurationList;
			buildConfigurations = (
				042F8EBB21B3AF680039EC71 /* Debug */,
				042F8EBC21B3AF680039EC71 /* Release */,
			);
			defaultConfigurationIsVisible = 0;
			defaultConfigurationName = Release;
		};
		042F8EBD21B3AF680039EC71 /* Build configuration list for PBXNativeTarget "ZJShortVideoTests" */ = {
			isa = XCConfigurationList;
			buildConfigurations = (
				042F8EBE21B3AF680039EC71 /* Debug */,
				042F8EBF21B3AF680039EC71 /* Release */,
			);
			defaultConfigurationIsVisible = 0;
			defaultConfigurationName = Release;
		};
		042F8EC021B3AF680039EC71 /* Build configuration list for PBXNativeTarget "ZJShortVideoUITests" */ = {
			isa = XCConfigurationList;
			buildConfigurations = (
				042F8EC121B3AF680039EC71 /* Debug */,
				042F8EC221B3AF680039EC71 /* Release */,
			);
			defaultConfigurationIsVisible = 0;
			defaultConfigurationName = Release;
		};
/* End XCConfigurationList section */
	};
	rootObject = 042F8E8A21B3AF670039EC71 /* Project object */;
}
